
Microsoft Visual Studio Solution File, Format Version 12.00
# Visual Studio Version 16
VisualStudioVersion = 16.0.30804.86
MinimumVisualStudioVersion = 15.0.26124.0
Project("{9A19103F-16F7-4668-BE54-9A1E7A4F7556}") = "API", "API\API.csproj", "{A8FC6BA8-903F-4C93-A9BF-33F6E351C6AA}"
EndProject
Project("{E24C65DC-7377-472B-9ABA-BC803B73C61A}") = "client", "client\", "{B59CB81F-C008-4E43-BD75-44B3CF064779}"
	ProjectSection(WebsiteProperties) = preProject
		TargetFrameworkMoniker = ".NETFramework,Version%3Dv4.0"
		Debug.AspNetCompiler.VirtualPath = "/localhost_55146"
		Debug.AspNetCompiler.PhysicalPath = "client\"
		Debug.AspNetCompiler.TargetPath = "PrecompiledWeb\localhost_55146\"
		Debug.AspNetCompiler.Updateable = "true"
		Debug.AspNetCompiler.ForceOverwrite = "true"
		Debug.AspNetCompiler.FixedNames = "false"
		Debug.AspNetCompiler.Debug = "True"
		Release.AspNetCompiler.VirtualPath = "/localhost_55146"
		Release.AspNetCompiler.PhysicalPath = "client\"
		Release.AspNetCompiler.TargetPath = "PrecompiledWeb\localhost_55146\"
		Release.AspNetCompiler.Updateable = "true"
		Release.AspNetCompiler.ForceOverwrite = "true"
		Release.AspNetCompiler.FixedNames = "false"
		Release.AspNetCompiler.Debug = "False"
		VWDPort = "55146"
		SlnRelativePath = "client\"
	EndProjectSection
EndProject
Global
	GlobalSection(SolutionConfigurationPlatforms) = preSolution
		Debug|Any CPU = Debug|Any CPU
		Debug|x64 = Debug|x64
		Debug|x86 = Debug|x86
		Release|Any CPU = Release|Any CPU
		Release|x64 = Release|x64
		Release|x86 = Release|x86
	EndGlobalSection
	GlobalSection(ProjectConfigurationPlatforms) = postSolution
		{A8FC6BA8-903F-4C93-A9BF-33F6E351C6AA}.Debug|Any CPU.ActiveCfg = Debug|Any CPU
		{A8FC6BA8-903F-4C93-A9BF-33F6E351C6AA}.Debug|Any CPU.Build.0 = Debug|Any CPU
		{A8FC6BA8-903F-4C93-A9BF-33F6E351C6AA}.Debug|x64.ActiveCfg = Debug|Any CPU
		{A8FC6BA8-903F-4C93-A9BF-33F6E351C6AA}.Debug|x64.Build.0 = Debug|Any CPU
		{A8FC6BA8-903F-4C93-A9BF-33F6E351C6AA}.Debug|x86.ActiveCfg = Debug|Any CPU
		{A8FC6BA8-903F-4C93-A9BF-33F6E351C6AA}.Debug|x86.Build.0 = Debug|Any CPU
		{A8FC6BA8-903F-4C93-A9BF-33F6E351C6AA}.Release|Any CPU.ActiveCfg = Release|Any CPU
		{A8FC6BA8-903F-4C93-A9BF-33F6E351C6AA}.Release|Any CPU.Build.0 = Release|Any CPU
		{A8FC6BA8-903F-4C93-A9BF-33F6E351C6AA}.Release|x64.ActiveCfg = Release|Any CPU
		{A8FC6BA8-903F-4C93-A9BF-33F6E351C6AA}.Release|x64.Build.0 = Release|Any CPU
		{A8FC6BA8-903F-4C93-A9BF-33F6E351C6AA}.Release|x86.ActiveCfg = Release|Any CPU
		{A8FC6BA8-903F-4C93-A9BF-33F6E351C6AA}.Release|x86.Build.0 = Release|Any CPU
		{B59CB81F-C008-4E43-BD75-44B3CF064779}.Debug|Any CPU.ActiveCfg = Debug|Any CPU
		{B59CB81F-C008-4E43-BD75-44B3CF064779}.Debug|Any CPU.Build.0 = Debug|Any CPU
		{B59CB81F-C008-4E43-BD75-44B3CF064779}.Debug|x64.ActiveCfg = Debug|Any CPU
		{B59CB81F-C008-4E43-BD75-44B3CF064779}.Debug|x64.Build.0 = Debug|Any CPU
		{B59CB81F-C008-4E43-BD75-44B3CF064779}.Debug|x86.ActiveCfg = Debug|Any CPU
		{B59CB81F-C008-4E43-BD75-44B3CF064779}.Debug|x86.Build.0 = Debug|Any CPU
		{B59CB81F-C008-4E43-BD75-44B3CF064779}.Release|Any CPU.ActiveCfg = Debug|Any CPU
		{B59CB81F-C008-4E43-BD75-44B3CF064779}.Release|Any CPU.Build.0 = Debug|Any CPU
		{B59CB81F-C008-4E43-BD75-44B3CF064779}.Release|x64.ActiveCfg = Debug|Any CPU
		{B59CB81F-C008-4E43-BD75-44B3CF064779}.Release|x64.Build.0 = Debug|Any CPU
		{B59CB81F-C008-4E43-BD75-44B3CF064779}.Release|x86.ActiveCfg = Debug|Any CPU
		{B59CB81F-C008-4E43-BD75-44B3CF064779}.Release|x86.Build.0 = Debug|Any CPU
	EndGlobalSection
	GlobalSection(SolutionProperties) = preSolution
		HideSolutionNode = FALSE
	EndGlobalSection
	GlobalSection(ExtensibilityGlobals) = postSolution
		SolutionGuid = {2DB03524-84B8-45D5-B083-681C85C73375}
	EndGlobalSection
EndGlobal
